<?xml version="1.0" encoding="utf-8"?>
<Project ToolsVersion="4.0" xmlns="http://schemas.microsoft.com/developer/msbuild/2003">
  <ItemGroup>
    <Filter Include="헤더 파일">
      <UniqueIdentifier>{93995380-89BD-4b04-88EB-625FBE52EBFB}</UniqueIdentifier>
      <Extensions>h;hh;hpp;hxx;hm;inl;inc;ipp;xsd</Extensions>
    </Filter>
    <Filter Include="리소스 파일">
      <UniqueIdentifier>{67DA6AB6-F800-4c08-8B7A-83BB121AAD01}</UniqueIdentifier>
      <Extensions>rc;ico;cur;bmp;dlg;rc2;rct;bin;rgs;gif;jpg;jpeg;jpe;resx;tiff;tif;png;wav;mfcribbon-ms</Extensions>
    </Filter>
    <Filter Include="2DFramework">
      <UniqueIdentifier>{771b621e-ae3b-474c-b610-ddc16a0a360f}</UniqueIdentifier>
    </Filter>
    <Filter Include="2DFramework\singletonBase">
      <UniqueIdentifier>{39a0cede-90e4-4e9a-bd8c-8466c02fcc50}</UniqueIdentifier>
    </Filter>
    <Filter Include="PlayGround">
      <UniqueIdentifier>{e37d5369-ec86-4a52-8402-8a314525fb73}</UniqueIdentifier>
    </Filter>
    <Filter Include="2DFramework\Manager">
      <UniqueIdentifier>{793f1ed7-4eab-4a98-beb1-b6c6e0c4a84d}</UniqueIdentifier>
    </Filter>
    <Filter Include="2DFramework\utils">
      <UniqueIdentifier>{dbd96bab-f7e3-4042-b857-1813c2d20e4d}</UniqueIdentifier>
    </Filter>
    <Filter Include="2DFramework\image">
      <UniqueIdentifier>{bcf31d47-2a1e-46e0-a51a-d6382eef19b2}</UniqueIdentifier>
    </Filter>
    <Filter Include="소스 파일">
      <UniqueIdentifier>{4FC737F1-C7A5-4376-A066-2A32D752A2FF}</UniqueIdentifier>
      <Extensions>cpp;c;cc;cxx;def;odl;idl;hpj;bat;asm;asmx</Extensions>
    </Filter>
    <Filter Include="2DFramework\timer">
      <UniqueIdentifier>{a0265716-2e25-4e4e-b39c-5ffe93544b5e}</UniqueIdentifier>
    </Filter>
    <Filter Include="2DFramework\txtData">
      <UniqueIdentifier>{c1d72300-ff87-4c0b-930a-8b8b9abebb9e}</UniqueIdentifier>
    </Filter>
    <Filter Include="2DFramework\action">
      <UniqueIdentifier>{bf4876ac-b433-4305-ab75-69a2c1e7adde}</UniqueIdentifier>
    </Filter>
    <Filter Include="2DFramework\animation">
      <UniqueIdentifier>{c9be62ad-2100-428a-b933-248575dff170}</UniqueIdentifier>
    </Filter>
    <Filter Include="2DFramework\effect">
      <UniqueIdentifier>{6c16437b-1960-48f5-bd50-52809067e246}</UniqueIdentifier>
    </Filter>
    <Filter Include="2DFramework\Manager\font">
      <UniqueIdentifier>{f009092f-1b68-4317-b4cd-87a928eabfc2}</UniqueIdentifier>
    </Filter>
    <Filter Include="PlayGround\scene">
      <UniqueIdentifier>{0a132309-ca55-4972-af36-74a167571ad4}</UniqueIdentifier>
    </Filter>
    <Filter Include="PlayGround\scene\mapToolScene">
      <UniqueIdentifier>{73829ac8-1b8e-48a6-a07a-ed01d9abecf0}</UniqueIdentifier>
    </Filter>
    <Filter Include="2DFramework\camera">
      <UniqueIdentifier>{411658ea-c87c-4119-a62f-1966e33e45a6}</UniqueIdentifier>
    </Filter>
    <Filter Include="PlayGround\mapTool">
      <UniqueIdentifier>{1cff009b-6bf4-4484-a7d2-61a2b0344a23}</UniqueIdentifier>
    </Filter>
    <Filter Include="PlayGround\scene\loadingScene">
      <UniqueIdentifier>{56c95d6e-ce02-46b3-88fa-cdfeecd5b731}</UniqueIdentifier>
    </Filter>
    <Filter Include="PlayGround\database">
      <UniqueIdentifier>{aa7d2e81-18b2-470b-b168-900b9c6b2815}</UniqueIdentifier>
    </Filter>
    <Filter Include="2DFramework\devTool">
      <UniqueIdentifier>{ad8130eb-6044-4d16-a47e-fa5279d62ecf}</UniqueIdentifier>
    </Filter>
    <Filter Include="2DFramework\ui">
      <UniqueIdentifier>{39716b89-e5e5-493f-83d9-d8276c00ad13}</UniqueIdentifier>
    </Filter>
    <Filter Include="PlayGround\ui">
      <UniqueIdentifier>{d7aac9ce-b209-4c1f-97a4-62c2e6619d0e}</UniqueIdentifier>
    </Filter>
    <Filter Include="2DFramework\ui\uiPanel">
      <UniqueIdentifier>{496d682b-aacd-4705-901d-c483ee6e10e5}</UniqueIdentifier>
    </Filter>
    <Filter Include="2DFramework\ui\uiButton">
      <UniqueIdentifier>{f04acabe-84cc-43ad-9830-9917275fa472}</UniqueIdentifier>
    </Filter>
    <Filter Include="2DFramework\iween">
      <UniqueIdentifier>{f5578816-9658-482c-b47c-752e514e4be6}</UniqueIdentifier>
    </Filter>
    <Filter Include="2DFramework\ui\uiImage">
      <UniqueIdentifier>{a86587a5-7f9f-4db5-91c8-9ba95bfc6441}</UniqueIdentifier>
    </Filter>
    <Filter Include="2DFramework\ui\uiList">
      <UniqueIdentifier>{f541c5ef-2610-456f-a58b-8f0a99f6f137}</UniqueIdentifier>
    </Filter>
    <Filter Include="2DFramework\ui\uiProgress">
      <UniqueIdentifier>{6e567ef8-4d17-4abd-973f-93aa6f3d3452}</UniqueIdentifier>
    </Filter>
    <Filter Include="2DFramework\ui\uiScroll">
      <UniqueIdentifier>{d35208dd-d87a-4cd4-93b6-2fd64765948d}</UniqueIdentifier>
    </Filter>
    <Filter Include="2DFramework\ui\uiText">
      <UniqueIdentifier>{99e7c855-541f-4801-87a6-2ef406b9e6d8}</UniqueIdentifier>
    </Filter>
    <Filter Include="PlayGround\scene\ingame">
      <UniqueIdentifier>{19882662-3bec-4e0d-b0fb-7dc6484969f0}</UniqueIdentifier>
    </Filter>
    <Filter Include="PlayGround\scene\ingame\dirtMouthScene">
      <UniqueIdentifier>{b7b7d687-07c6-4641-afaf-c4fe1cc0fcf1}</UniqueIdentifier>
    </Filter>
    <Filter Include="PlayGround\actor">
      <UniqueIdentifier>{c5b183b0-65ba-4d72-8ae1-4794e52431a5}</UniqueIdentifier>
    </Filter>
    <Filter Include="PlayGround\actor\npc">
      <UniqueIdentifier>{6f642e8c-1521-41c4-a804-a3b7f1da8fd3}</UniqueIdentifier>
    </Filter>
    <Filter Include="PlayGround\player">
      <UniqueIdentifier>{1201c272-e2bd-441d-bb6d-b368a3e8cfd6}</UniqueIdentifier>
    </Filter>
    <Filter Include="PlayGround\player\state">
      <UniqueIdentifier>{6f06c1eb-e518-4c79-968e-c49cb8a57a99}</UniqueIdentifier>
    </Filter>
    <Filter Include="PlayGround\actor\npcState">
      <UniqueIdentifier>{6023bf43-d53c-472e-9d9d-a4dd2b742f5e}</UniqueIdentifier>
    </Filter>
    <Filter Include="PlayGround\actor\enemyState">
      <UniqueIdentifier>{e134d354-541c-4b6e-a114-ba13b8dd5743}</UniqueIdentifier>
    </Filter>
    <Filter Include="PlayGround\actor\enemy">
      <UniqueIdentifier>{743da22f-4e4f-4ef0-9caa-7000e92a805d}</UniqueIdentifier>
    </Filter>
  </ItemGroup>
  <ItemGroup>
    <ClInclude Include="stdafx.h">
      <Filter>헤더 파일</Filter>
    </ClInclude>
    <ClInclude Include="targetver.h">
      <Filter>헤더 파일</Filter>
    </ClInclude>
    <ClInclude Include="Resource.h">
      <Filter>헤더 파일</Filter>
    </ClInclude>
    <ClInclude Include="singletonBase.h">
      <Filter>2DFramework\singletonBase</Filter>
    </ClInclude>
    <ClInclude Include="randomFunction.h">
      <Filter>헤더 파일</Filter>
    </ClInclude>
    <ClInclude Include="gameNode.h">
      <Filter>2DFramework</Filter>
    </ClInclude>
    <ClInclude Include="keyManager.h">
      <Filter>2DFramework\Manager</Filter>
    </ClInclude>
    <ClInclude Include="image.h">
      <Filter>2DFramework\image</Filter>
    </ClInclude>
    <ClInclude Include="utils.h">
      <Filter>2DFramework\utils</Filter>
    </ClInclude>
    <ClInclude Include="imageManager.h">
      <Filter>2DFramework\Manager</Filter>
    </ClInclude>
    <ClInclude Include="playGround.h">
      <Filter>PlayGround</Filter>
    </ClInclude>
    <ClInclude Include="d2dManager.h">
      <Filter>2DFramework\Manager</Filter>
    </ClInclude>
    <ClInclude Include="txtData.h">
      <Filter>2DFramework\txtData</Filter>
    </ClInclude>
    <ClInclude Include="timer.h">
      <Filter>2DFramework\timer</Filter>
    </ClInclude>
    <ClInclude Include="timeManager.h">
      <Filter>2DFramework\Manager</Filter>
    </ClInclude>
    <ClInclude Include="animation.h">
      <Filter>2DFramework\animation</Filter>
    </ClInclude>
    <ClInclude Include="action.h">
      <Filter>2DFramework\action</Filter>
    </ClInclude>
    <ClInclude Include="sceneManager.h">
      <Filter>2DFramework\Manager</Filter>
    </ClInclude>
    <ClInclude Include="effect.h">
      <Filter>2DFramework\effect</Filter>
    </ClInclude>
    <ClInclude Include="keyAniManager.h">
      <Filter>2DFramework\Manager</Filter>
    </ClInclude>
    <ClInclude Include="iniDataManager.h">
      <Filter>2DFramework\Manager</Filter>
    </ClInclude>
    <ClInclude Include="soundManager.h">
      <Filter>2DFramework\Manager</Filter>
    </ClInclude>
    <ClInclude Include="fontLoaderCommon.h">
      <Filter>2DFramework\Manager\font</Filter>
    </ClInclude>
    <ClInclude Include="fontLoader.h">
      <Filter>2DFramework\Manager\font</Filter>
    </ClInclude>
    <ClInclude Include="effectManager.h">
      <Filter>2DFramework\Manager</Filter>
    </ClInclude>
    <ClInclude Include="camera.h">
      <Filter>2DFramework\camera</Filter>
    </ClInclude>
    <ClInclude Include="mapTool.h">
      <Filter>PlayGround\mapTool</Filter>
    </ClInclude>
    <ClInclude Include="baseScene.h">
      <Filter>PlayGround\scene</Filter>
    </ClInclude>
    <ClInclude Include="terrain.h">
      <Filter>PlayGround\mapTool</Filter>
    </ClInclude>
    <ClInclude Include="default.h">
      <Filter>헤더 파일</Filter>
    </ClInclude>
    <ClInclude Include="mapData.h">
      <Filter>PlayGround\mapTool</Filter>
    </ClInclude>
    <ClInclude Include="imageDataBase.h">
      <Filter>PlayGround\database</Filter>
    </ClInclude>
    <ClInclude Include="loadingScene.h">
      <Filter>PlayGround\scene\loadingScene</Filter>
    </ClInclude>
    <ClInclude Include="mapToolScene.h">
      <Filter>PlayGround\scene\mapToolScene</Filter>
    </ClInclude>
    <ClInclude Include="toolState.h">
      <Filter>PlayGround\mapTool</Filter>
    </ClInclude>
    <ClInclude Include="devTool.h">
      <Filter>2DFramework\devTool</Filter>
    </ClInclude>
    <ClInclude Include="uiBase.h">
      <Filter>2DFramework\ui</Filter>
    </ClInclude>
    <ClInclude Include="uiManager.h">
      <Filter>2DFramework\Manager</Filter>
    </ClInclude>
    <ClInclude Include="uiObject.h">
      <Filter>2DFramework\ui</Filter>
    </ClInclude>
    <ClInclude Include="uiPanel.h">
      <Filter>2DFramework\ui\uiPanel</Filter>
    </ClInclude>
    <ClInclude Include="uiButton.h">
      <Filter>2DFramework\ui\uiButton</Filter>
    </ClInclude>
    <ClInclude Include="uiImage.h">
      <Filter>2DFramework\ui\uiImage</Filter>
    </ClInclude>
    <ClInclude Include="iTween.h">
      <Filter>2DFramework\iween</Filter>
    </ClInclude>
    <ClInclude Include="uiProgress.h">
      <Filter>2DFramework\ui\uiProgress</Filter>
    </ClInclude>
    <ClInclude Include="uiList.h">
      <Filter>2DFramework\ui\uiList</Filter>
    </ClInclude>
    <ClInclude Include="uiScroll.h">
      <Filter>2DFramework\ui\uiScroll</Filter>
    </ClInclude>
    <ClInclude Include="uiText.h">
      <Filter>2DFramework\ui\uiText</Filter>
    </ClInclude>
    <ClInclude Include="uiButtonDrop.h">
      <Filter>2DFramework\ui\uiButton</Filter>
    </ClInclude>
    <ClInclude Include="dirtMouthScene.h">
      <Filter>PlayGround\scene\ingame\dirtMouthScene</Filter>
    </ClInclude>
    <ClInclude Include="actorBase.h">
      <Filter>PlayGround\actor</Filter>
    </ClInclude>
    <ClInclude Include="npc.h">
      <Filter>PlayGround\actor\npc</Filter>
    </ClInclude>
    <ClInclude Include="enemy.h">
      <Filter>PlayGround\actor\enemy</Filter>
    </ClInclude>
    <ClInclude Include="actorManager.h">
      <Filter>PlayGround\actor</Filter>
    </ClInclude>
    <ClInclude Include="player.h">
      <Filter>PlayGround\player</Filter>
    </ClInclude>
    <ClInclude Include="playerState.h">
      <Filter>PlayGround\player\state</Filter>
    </ClInclude>
    <ClInclude Include="jumpState.h">
      <Filter>PlayGround\player\state</Filter>
    </ClInclude>
    <ClInclude Include="attackState.h">
      <Filter>PlayGround\player\state</Filter>
    </ClInclude>
    <ClInclude Include="animationManager.h">
      <Filter>2DFramework\Manager</Filter>
    </ClInclude>
    <ClInclude Include="gruzzer.h">
      <Filter>PlayGround\actor\enemy</Filter>
    </ClInclude>
    <ClInclude Include="actorState.h">
      <Filter>PlayGround\actor</Filter>
    </ClInclude>
    <ClInclude Include="gruzzerState.h">
      <Filter>PlayGround\actor\enemyState</Filter>
    </ClInclude>
    <ClInclude Include="baseInGameScene.h">
      <Filter>PlayGround\scene\ingame</Filter>
    </ClInclude>
    <ClInclude Include="tiktik.h">
      <Filter>PlayGround\actor\enemy</Filter>
    </ClInclude>
    <ClInclude Include="elderbug.h">
      <Filter>PlayGround\actor\npc</Filter>
    </ClInclude>
    <ClInclude Include="elderbugState.h">
      <Filter>PlayGround\actor\npcState</Filter>
    </ClInclude>
  </ItemGroup>
  <ItemGroup>
    <ClCompile Include="stdafx.cpp">
      <Filter>소스 파일</Filter>
    </ClCompile>
    <ClCompile Include="windowsAPI.cpp">
      <Filter>소스 파일</Filter>
    </ClCompile>
    <ClCompile Include="gameNode.cpp">
      <Filter>2DFramework</Filter>
    </ClCompile>
    <ClCompile Include="playGround.cpp">
      <Filter>PlayGround</Filter>
    </ClCompile>
    <ClCompile Include="keyManager.cpp">
      <Filter>2DFramework\Manager</Filter>
    </ClCompile>
    <ClCompile Include="image.cpp">
      <Filter>2DFramework\image</Filter>
    </ClCompile>
    <ClCompile Include="utils.cpp">
      <Filter>2DFramework\utils</Filter>
    </ClCompile>
    <ClCompile Include="imageManager.cpp">
      <Filter>2DFramework\Manager</Filter>
    </ClCompile>
    <ClCompile Include="d2dManager.cpp">
      <Filter>2DFramework\Manager</Filter>
    </ClCompile>
    <ClCompile Include="txtData.cpp">
      <Filter>2DFramework\txtData</Filter>
    </ClCompile>
    <ClCompile Include="timer.cpp">
      <Filter>2DFramework\timer</Filter>
    </ClCompile>
    <ClCompile Include="timeManager.cpp">
      <Filter>2DFramework\Manager</Filter>
    </ClCompile>
    <ClCompile Include="animation.cpp">
      <Filter>2DFramework\animation</Filter>
    </ClCompile>
    <ClCompile Include="action.cpp">
      <Filter>2DFramework\action</Filter>
    </ClCompile>
    <ClCompile Include="sceneManager.cpp">
      <Filter>2DFramework\Manager</Filter>
    </ClCompile>
    <ClCompile Include="effect.cpp">
      <Filter>2DFramework\effect</Filter>
    </ClCompile>
    <ClCompile Include="iniDataManager.cpp">
      <Filter>2DFramework\Manager</Filter>
    </ClCompile>
    <ClCompile Include="keyAniManager.cpp">
      <Filter>2DFramework\Manager</Filter>
    </ClCompile>
    <ClCompile Include="soundManager.cpp">
      <Filter>2DFramework\Manager</Filter>
    </ClCompile>
    <ClCompile Include="fontLoader.cpp">
      <Filter>2DFramework\Manager\font</Filter>
    </ClCompile>
    <ClCompile Include="effectManager.cpp">
      <Filter>2DFramework\Manager</Filter>
    </ClCompile>
    <ClCompile Include="camera.cpp">
      <Filter>2DFramework\camera</Filter>
    </ClCompile>
    <ClCompile Include="mapTool.cpp">
      <Filter>PlayGround\mapTool</Filter>
    </ClCompile>
    <ClCompile Include="baseScene.cpp">
      <Filter>PlayGround\scene</Filter>
    </ClCompile>
    <ClCompile Include="terrain.cpp">
      <Filter>PlayGround\mapTool</Filter>
    </ClCompile>
    <ClCompile Include="mapData.cpp">
      <Filter>PlayGround\mapTool</Filter>
    </ClCompile>
    <ClCompile Include="imageDataBase.cpp">
      <Filter>PlayGround\database</Filter>
    </ClCompile>
    <ClCompile Include="loadingScene.cpp">
      <Filter>PlayGround\scene\loadingScene</Filter>
    </ClCompile>
    <ClCompile Include="mapToolScene.cpp">
      <Filter>PlayGround\scene\mapToolScene</Filter>
    </ClCompile>
    <ClCompile Include="toolState.cpp">
      <Filter>PlayGround\mapTool</Filter>
    </ClCompile>
    <ClCompile Include="devTool.cpp">
      <Filter>2DFramework\devTool</Filter>
    </ClCompile>
    <ClCompile Include="uiBase.cpp">
      <Filter>2DFramework\ui</Filter>
    </ClCompile>
    <ClCompile Include="uiManager.cpp">
      <Filter>2DFramework\Manager</Filter>
    </ClCompile>
    <ClCompile Include="uiObject.cpp">
      <Filter>2DFramework\ui</Filter>
    </ClCompile>
    <ClCompile Include="uiPanel.cpp">
      <Filter>2DFramework\ui\uiPanel</Filter>
    </ClCompile>
    <ClCompile Include="uiButton.cpp">
      <Filter>2DFramework\ui\uiButton</Filter>
    </ClCompile>
    <ClCompile Include="uiImage.cpp">
      <Filter>2DFramework\ui\uiImage</Filter>
    </ClCompile>
    <ClCompile Include="iTween.cpp">
      <Filter>2DFramework\iween</Filter>
    </ClCompile>
    <ClCompile Include="uiProgress.cpp">
      <Filter>2DFramework\ui\uiProgress</Filter>
    </ClCompile>
    <ClCompile Include="uiList.cpp">
      <Filter>2DFramework\ui\uiList</Filter>
    </ClCompile>
    <ClCompile Include="uiScroll.cpp">
      <Filter>2DFramework\ui\uiScroll</Filter>
    </ClCompile>
    <ClCompile Include="uiText.cpp">
      <Filter>2DFramework\ui\uiText</Filter>
    </ClCompile>
    <ClCompile Include="uiButtonDrop.cpp">
      <Filter>2DFramework\ui\uiButton</Filter>
    </ClCompile>
    <ClCompile Include="dirtMouthScene.cpp">
      <Filter>PlayGround\scene\ingame\dirtMouthScene</Filter>
    </ClCompile>
    <ClCompile Include="actorBase.cpp">
      <Filter>PlayGround\actor</Filter>
    </ClCompile>
    <ClCompile Include="npc.cpp">
      <Filter>PlayGround\actor\npc</Filter>
    </ClCompile>
    <ClCompile Include="enemy.cpp">
      <Filter>PlayGround\actor\enemy</Filter>
    </ClCompile>
    <ClCompile Include="actorManager.cpp">
      <Filter>PlayGround\actor</Filter>
    </ClCompile>
    <ClCompile Include="player.cpp">
      <Filter>PlayGround\player</Filter>
    </ClCompile>
    <ClCompile Include="playerState.cpp">
      <Filter>PlayGround\player\state</Filter>
    </ClCompile>
    <ClCompile Include="jumpState.cpp">
      <Filter>PlayGround\player\state</Filter>
    </ClCompile>
    <ClCompile Include="attackState.cpp">
      <Filter>PlayGround\player\state</Filter>
    </ClCompile>
    <ClCompile Include="animationManager.cpp">
      <Filter>2DFramework\Manager</Filter>
    </ClCompile>
    <ClCompile Include="gruzzer.cpp">
      <Filter>PlayGround\actor\enemy</Filter>
    </ClCompile>
    <ClCompile Include="actorState.cpp">
      <Filter>PlayGround\actor</Filter>
    </ClCompile>
    <ClCompile Include="gruzzerState.cpp">
      <Filter>PlayGround\actor\enemyState</Filter>
    </ClCompile>
    <ClCompile Include="baseInGameScene.cpp">
      <Filter>PlayGround\scene\ingame</Filter>
    </ClCompile>
    <ClCompile Include="tiktik.cpp">
      <Filter>PlayGround\actor\enemy</Filter>
    </ClCompile>
    <ClCompile Include="elderbug.cpp">
      <Filter>PlayGround\actor\npc</Filter>
    </ClCompile>
    <ClCompile Include="elderbugState.cpp">
      <Filter>PlayGround\actor\npcState</Filter>
    </ClCompile>
  </ItemGroup>
  <ItemGroup>
    <ResourceCompile Include="windowsAPI.rc">
      <Filter>리소스 파일</Filter>
    </ResourceCompile>
  </ItemGroup>
  <ItemGroup>
    <Image Include="small.ico">
      <Filter>리소스 파일</Filter>
    </Image>
    <Image Include="windowsAPI.ico">
      <Filter>리소스 파일</Filter>
    </Image>
  </ItemGroup>
  <ItemGroup>
    <None Include="Cursor.cur">
      <Filter>리소스 파일</Filter>
    </None>
    <None Include="cpp.hint" />
  </ItemGroup>
</Project>